// !$*UTF8*$!
{
	archiveVersion = 1;
	classes = {
	};
	objectVersion = 46;
	objects = {

/* Begin PBXBuildFile section */
		22DBADF81AEF9F9900B60154 /* main.m in Sources */ = {isa = PBXBuildFile; fileRef = 22DBADF71AEF9F9900B60154 /* main.m */; };
		22DBADFB1AEF9F9900B60154 /* AppDelegate.m in Sources */ = {isa = PBXBuildFile; fileRef = 22DBADFA1AEF9F9900B60154 /* AppDelegate.m */; };
		22DBADFE1AEF9F9900B60154 /* ViewController.m in Sources */ = {isa = PBXBuildFile; fileRef = 22DBADFD1AEF9F9900B60154 /* ViewController.m */; };
		22DBAE011AEF9F9900B60154 /* Main.storyboard in Resources */ = {isa = PBXBuildFile; fileRef = 22DBADFF1AEF9F9900B60154 /* Main.storyboard */; };
		22DBAE031AEF9F9900B60154 /* Images.xcassets in Resources */ = {isa = PBXBuildFile; fileRef = 22DBAE021AEF9F9900B60154 /* Images.xcassets */; };
		22DBAE061AEF9F9900B60154 /* LaunchScreen.xib in Resources */ = {isa = PBXBuildFile; fileRef = 22DBAE041AEF9F9900B60154 /* LaunchScreen.xib */; };
		22DBAE121AEF9F9900B60154 /* TestGit11Tests.m in Sources */ = {isa = PBXBuildFile; fileRef = 22DBAE111AEF9F9900B60154 /* TestGit11Tests.m */; };
/* End PBXBuildFile section */

/* Begin PBXContainerItemProxy section */
		22DBAE0C1AEF9F9900B60154 /* PBXContainerItemProxy */ = {
			isa = PBXContainerItemProxy;
			containerPortal = 22DBADEA1AEF9F9900B60154 /* Project object */;
			proxyType = 1;
			remoteGlobalIDString = 22DBADF11AEF9F9900B60154;
			remoteInfo = TestGit11;
		};
/* End PBXContainerItemProxy section */

/* Begin PBXFileReference section */
		22DBADF21AEF9F9900B60154 /* TestGit11.app */ = {isa = PBXFileReference; explicitFileType = wrapper.application; includeInIndex = 0; path = TestGit11.app; sourceTree = BUILT_PRODUCTS_DIR; };
		22DBADF61AEF9F9900B60154 /* Info.plist */ = {isa = PBXFileReference; lastKnownFileType = text.plist.xml; path = Info.plist; sourceTree = "<group>"; };
		22DBADF71AEF9F9900B60154 /* main.m */ = {isa = PBXFileReference; lastKnownFileType = sourcecode.c.objc; path = main.m; sourceTree = "<group>"; };
		22DBADF91AEF9F9900B60154 /* AppDelegate.h */ = {isa = PBXFileReference; lastKnownFileType = sourcecode.c.h; path = AppDelegate.h; sourceTree = "<group>"; };
		22DBADFA1AEF9F9900B60154 /* AppDelegate.m */ = {isa = PBXFileReference; lastKnownFileType = sourcecode.c.objc; path = AppDelegate.m; sourceTree = "<group>"; };
		22DBADFC1AEF9F9900B60154 /* ViewController.h */ = {isa = PBXFileReference; lastKnownFileType = sourcecode.c.h; path = ViewController.h; sourceTree = "<group>"; };
		22DBADFD1AEF9F9900B60154 /* ViewController.m */ = {isa = PBXFileReference; lastKnownFileType = sourcecode.c.objc; path = ViewController.m; sourceTree = "<group>"; };
		22DBAE001AEF9F9900B60154 /* Base */ = {isa = PBXFileReference; lastKnownFileType = file.storyboard; name = Base; path = Base.lproj/Main.storyboard; sourceTree = "<group>"; };
		22DBAE021AEF9F9900B60154 /* Images.xcassets */ = {isa = PBXFileReference; lastKnownFileType = folder.assetcatalog; path = Images.xcassets; sourceTree = "<group>"; };
		22DBAE051AEF9F9900B60154 /* Base */ = {isa = PBXFileReference; lastKnownFileType = file.xib; name = Base; path = Base.lproj/LaunchScreen.xib; sourceTree = "<group>"; };
		22DBAE0B1AEF9F9900B60154 /* TestGit11Tests.xctest */ = {isa = PBXFileReference; explicitFileType = wrapper.cfbundle; includeInIndex = 0; path = TestGit11Tests.xctest; sourceTree = BUILT_PRODUCTS_DIR; };
		22DBAE101AEF9F9900B60154 /* Info.plist */ = {isa = PBXFileReference; lastKnownFileType = text.plist.xml; path = Info.plist; sourceTree = "<group>"; };
		22DBAE111AEF9F9900B60154 /* TestGit11Tests.m */ = {isa = PBXFileReference; lastKnownFileType = sourcecode.c.objc; path = TestGit11Tests.m; sourceTree = "<group>"; };
/* End PBXFileReference section */

/* Begin PBXFrameworksBuildPhase section */
		22DBADEF1AEF9F9900B60154 /* Frameworks */ = {
			isa = PBXFrameworksBuildPhase;
			buildActionMask = 2147483647;
			files = (
			);
			runOnlyForDeploymentPostprocessing = 0;
		};
		22DBAE081AEF9F9900B60154 /* Frameworks */ = {
			isa = PBXFrameworksBuildPhase;
			buildActionMask = 2147483647;
			files = (
			);
			runOnlyForDeploymentPostprocessing = 0;
		};
/* End PBXFrameworksBuildPhase section */

/* Begin PBXGroup section */
		22DBADE91AEF9F9900B60154 = {
			isa = PBXGroup;
			children = (
				22DBADF41AEF9F9900B60154 /* TestGit11 */,
				22DBAE0E1AEF9F9900B60154 /* TestGit11Tests */,
				22DBADF31AEF9F9900B60154 /* Products */,
			);
			sourceTree = "<group>";
		};
		22DBADF31AEF9F9900B60154 /* Products */ = {
			isa = PBXGroup;
			children = (
				22DBADF21AEF9F9900B60154 /* TestGit11.app */,
				22DBAE0B1AEF9F9900B60154 /* TestGit11Tests.xctest */,
			);
			name = Products;
			sourceTree = "<group>";
		};
		22DBADF41AEF9F9900B60154 /* TestGit11 */ = {
			isa = PBXGroup;
			children = (
				22DBADF91AEF9F9900B60154 /* AppDelegate.h */,
				22DBADFA1AEF9F9900B60154 /* AppDelegate.m */,
				22DBADFC1AEF9F9900B60154 /* ViewController.h */,
				22DBADFD1AEF9F9900B60154 /* ViewController.m */,
				22DBADFF1AEF9F9900B60154 /* Main.storyboard */,
				22DBAE021AEF9F9900B60154 /* Images.xcassets */,
				22DBAE041AEF9F9900B60154 /* LaunchScreen.xib */,
				22DBADF51AEF9F9900B60154 /* Supporting Files */,
			);
			path = TestGit11;
			sourceTree = "<group>";
		};
		22DBADF51AEF9F9900B60154 /* Supporting Files */ = {
			isa = PBXGroup;
			children = (
				22DBADF61AEF9F9900B60154 /* Info.plist */,
				22DBADF71AEF9F9900B60154 /* main.m */,
			);
			name = "Supporting Files";
			sourceTree = "<group>";
		};
		22DBAE0E1AEF9F9900B60154 /* TestGit11Tests */ = {
			isa = PBXGroup;
			children = (
				22DBAE111AEF9F9900B60154 /* TestGit11Tests.m */,
				22DBAE0F1AEF9F9900B60154 /* Supporting Files */,
			);
			path = TestGit11Tests;
			sourceTree = "<group>";
		};
		22DBAE0F1AEF9F9900B60154 /* Supporting Files */ = {
			isa = PBXGroup;
			children = (
				22DBAE101AEF9F9900B60154 /* Info.plist */,
			);
			name = "Supporting Files";
			sourceTree = "<group>";
		};
/* End PBXGroup section */

/* Begin PBXNativeTarget section */
		22DBADF11AEF9F9900B60154 /* TestGit11 */ = {
			isa = PBXNativeTarget;
			buildConfigurationList = 22DBAE151AEF9F9900B60154 /* Build configuration list for PBXNativeTarget "TestGit11" */;
			buildPhases = (
				22DBADEE1AEF9F9900B60154 /* Sources */,
				22DBADEF1AEF9F9900B60154 /* Frameworks */,
				22DBADF01AEF9F9900B60154 /* Resources */,
			);
			buildRules = (
			);
			dependencies = (
			);
			name = TestGit11;
			productName = TestGit11;
			productReference = 22DBADF21AEF9F9900B60154 /* TestGit11.app */;
			productType = "com.apple.product-type.application";
		};
		22DBAE0A1AEF9F9900B60154 /* TestGit11Tests */ = {
			isa = PBXNativeTarget;
			buildConfigurationList = 22DBAE181AEF9F9900B60154 /* Build configuration list for PBXNativeTarget "TestGit11Tests" */;
			buildPhases = (
				22DBAE071AEF9F9900B60154 /* Sources */,
				22DBAE081AEF9F9900B60154 /* Frameworks */,
				22DBAE091AEF9F9900B60154 /* Resources */,
			);
			buildRules = (
			);
			dependencies = (
				22DBAE0D1AEF9F9900B60154 /* PBXTargetDependency */,
			);
			name = TestGit11Tests;
			productName = TestGit11Tests;
			productReference = 22DBAE0B1AEF9F9900B60154 /* TestGit11Tests.xctest */;
			productType = "com.apple.product-type.bundle.unit-test";
		};
/* End PBXNativeTarget section */

/* Begin PBXProject section */
		22DBADEA1AEF9F9900B60154 /* Project object */ = {
			isa = PBXProject;
			attributes = {
				LastUpgradeCheck = 0600;
				ORGANIZATIONNAME = mahesh;
				TargetAttributes = {
					22DBADF11AEF9F9900B60154 = {
						CreatedOnToolsVersion = 6.0;
					};
					22DBAE0A1AEF9F9900B60154 = {
						CreatedOnToolsVersion = 6.0;
						TestTargetID = 22DBADF11AEF9F9900B60154;
					};
				};
			};
			buildConfigurationList = 22DBADED1AEF9F9900B60154 /* Build configuration list for PBXProject "TestGit11" */;
			compatibilityVersion = "Xcode 3.2";
			developmentRegion = English;
			hasScannedForEncodings = 0;
			knownRegions = (
				en,
				Base,
			);
			mainGroup = 22DBADE91AEF9F9900B60154;
			productRefGroup = 22DBADF31AEF9F9900B60154 /* Products */;
			projectDirPath = "";
			projectRoot = "";
			targets = (
				22DBADF11AEF9F9900B60154 /* TestGit11 */,
				22DBAE0A1AEF9F9900B60154 /* TestGit11Tests */,
			);
		};
/* End PBXProject section */

/* Begin PBXResourcesBuildPhase section */
		22DBADF01AEF9F9900B60154 /* Resources */ = {
			isa = PBXResourcesBuildPhase;
			buildActionMask = 2147483647;
			files = (
				22DBAE011AEF9F9900B60154 /* Main.storyboard in Resources */,
				22DBAE061AEF9F9900B60154 /* LaunchScreen.xib in Resources */,
				22DBAE031AEF9F9900B60154 /* Images.xcassets in Resources */,
			);
			runOnlyForDeploymentPostprocessing = 0;
		};
		22DBAE091AEF9F9900B60154 /* Resources */ = {
			isa = PBXResourcesBuildPhase;
			buildActionMask = 2147483647;
			files = (
			);
			runOnlyForDeploymentPostprocessing = 0;
		};
/* End PBXResourcesBuildPhase section */

/* Begin PBXSourcesBuildPhase section */
		22DBADEE1AEF9F9900B60154 /* Sources */ = {
			isa = PBXSourcesBuildPhase;
			buildActionMask = 2147483647;
			files = (
				22DBADFE1AEF9F9900B60154 /* ViewController.m in Sources */,
				22DBADFB1AEF9F9900B60154 /* AppDelegate.m in Sources */,
				22DBADF81AEF9F9900B60154 /* main.m in Sources */,
			);
			runOnlyForDeploymentPostprocessing = 0;
		};
		22DBAE071AEF9F9900B60154 /* Sources */ = {
			isa = PBXSourcesBuildPhase;
			buildActionMask = 2147483647;
			files = (
				22DBAE121AEF9F9900B60154 /* TestGit11Tests.m in Sources */,
			);
			runOnlyForDeploymentPostprocessing = 0;
		};
/* End PBXSourcesBuildPhase section */

/* Begin PBXTargetDependency section */
		22DBAE0D1AEF9F9900B60154 /* PBXTargetDependency */ = {
			isa = PBXTargetDependency;
			target = 22DBADF11AEF9F9900B60154 /* TestGit11 */;
			targetProxy = 22DBAE0C1AEF9F9900B60154 /* PBXContainerItemProxy */;
		};
/* End PBXTargetDependency section */

/* Begin PBXVariantGroup section */
		22DBADFF1AEF9F9900B60154 /* Main.storyboard */ = {
			isa = PBXVariantGroup;
			children = (
				22DBAE001AEF9F9900B60154 /* Base */,
			);
			name = Main.storyboard;
			sourceTree = "<group>";
		};
		22DBAE041AEF9F9900B60154 /* LaunchScreen.xib */ = {
			isa = PBXVariantGroup;
			children = (
				22DBAE051AEF9F9900B60154 /* Base */,
			);
			name = LaunchScreen.xib;
			sourceTree = "<group>";
		};
/* End PBXVariantGroup section */

/* Begin XCBuildConfiguration section */
		22DBAE131AEF9F9900B60154 /* Debug */ = {
			isa = XCBuildConfiguration;
			buildSettings = {
				ALWAYS_SEARCH_USER_PATHS = NO;
				CLANG_CXX_LANGUAGE_STANDARD = "gnu++0x";
				CLANG_CXX_LIBRARY = "libc++";
				CLANG_ENABLE_MODULES = YES;
				CLANG_ENABLE_OBJC_ARC = YES;
				CLANG_WARN_BOOL_CONVERSION = YES;
				CLANG_WARN_CONSTANT_CONVERSION = YES;
				CLANG_WARN_DIRECT_OBJC_ISA_USAGE = YES_ERROR;
				CLANG_WARN_EMPTY_BODY = YES;
				CLANG_WARN_ENUM_CONVERSION = YES;
				CLANG_WARN_INT_CONVERSION = YES;
				CLANG_WARN_OBJC_ROOT_CLASS = YES_ERROR;
				CLANG_WARN_UNREACHABLE_CODE = YES;
				CLANG_WARN__DUPLICATE_METHOD_MATCH = YES;
				"CODE_SIGN_IDENTITY[sdk=iphoneos*]" = "iPhone Developer";
				COPY_PHASE_STRIP = NO;
				ENABLE_STRICT_OBJC_MSGSEND = YES;
				GCC_C_LANGUAGE_STANDARD = gnu99;
				GCC_DYNAMIC_NO_PIC = NO;
				GCC_OPTIMIZATION_LEVEL = 0;
				GCC_PREPROCESSOR_DEFINITIONS = (
					"DEBUG=1",
					"$(inherited)",
				);
				GCC_SYMBOLS_PRIVATE_EXTERN = NO;
				GCC_WARN_64_TO_32_BIT_CONVERSION = YES;
				GCC_WARN_ABOUT_RETURN_TYPE = YES_ERROR;
				GCC_WARN_UNDECLARED_SELECTOR = YES;
				GCC_WARN_UNINITIALIZED_AUTOS = YES_AGGRESSIVE;
				GCC_WARN_UNUSED_FUNCTION = YES;
				GCC_WARN_UNUSED_VARIABLE = YES;
				IPHONEOS_DEPLOYMENT_TARGET = 8.0;
				MTL_ENABLE_DEBUG_INFO = YES;
				ONLY_ACTIVE_ARCH = YES;
				SDKROOT = iphoneos;
			};
			name = Debug;
		};
		22DBAE141AEF9F9900B60154 /* Release */ = {
			isa = XCBuildConfiguration;
			buildSettings = {
				ALWAYS_SEARCH_USER_PATHS = NO;
				CLANG_CXX_LANGUAGE_STANDARD = "gnu++0x";
				CLANG_CXX_LIBRARY = "libc++";
				CLANG_ENABLE_MODULES = YES;
				CLANG_ENABLE_OBJC_ARC = YES;
				CLANG_WARN_BOOL_CONVERSION = YES;
				CLANG_WARN_CONSTANT_CONVERSION = YES;
				CLANG_WARN_DIRECT_OBJC_ISA_USAGE = YES_ERROR;
				CLANG_WARN_EMPTY_BODY = YES;
				CLANG_WARN_ENUM_CONVERSION = YES;
				CLANG_WARN_INT_CONVERSION = YES;
				CLANG_WARN_OBJC_ROOT_CLASS = YES_ERROR;
				CLANG_WARN_UNREACHABLE_CODE = YES;
				CLANG_WARN__DUPLICATE_METHOD_MATCH = YES;
				"CODE_SIGN_IDENTITY[sdk=iphoneos*]" = "iPhone Developer";
				COPY_PHASE_STRIP = YES;
				ENABLE_NS_ASSERTIONS = NO;
				ENABLE_STRICT_OBJC_MSGSEND = YES;
				GCC_C_LANGUAGE_STANDARD = gnu99;
				GCC_WARN_64_TO_32_BIT_CONVERSION = YES;
				GCC_WARN_ABOUT_RETURN_TYPE = YES_ERROR;
				GCC_WARN_UNDECLARED_SELECTOR = YES;
				GCC_WARN_UNINITIALIZED_AUTOS = YES_AGGRESSIVE;
				GCC_WARN_UNUSED_FUNCTION = YES;
				GCC_WARN_UNUSED_VARIABLE = YES;
				IPHONEOS_DEPLOYMENT_TARGET = 8.0;
				MTL_ENABLE_DEBUG_INFO = NO;
				SDKROOT = iphoneos;
				VALIDATE_PRODUCT = YES;
			};
			name = Release;
		};
		22DBAE161AEF9F9900B60154 /* Debug */ = {
			isa = XCBuildConfiguration;
			buildSettings = {
				ASSETCATALOG_COMPILER_APPICON_NAME = AppIcon;
				INFOPLIST_FILE = TestGit11/Info.plist;
				LD_RUNPATH_SEARCH_PATHS = "$(inherited) @executable_path/Frameworks";
				PRODUCT_NAME = "$(TARGET_NAME)";
			};
			name = Debug;
		};
		22DBAE171AEF9F9900B60154 /* Release */ = {
			isa = XCBuildConfiguration;
			buildSettings = {
				ASSETCATALOG_COMPILER_APPICON_NAME = AppIcon;
				INFOPLIST_FILE = TestGit11/Info.plist;
				LD_RUNPATH_SEARCH_PATHS = "$(inherited) @executable_path/Frameworks";
				PRODUCT_NAME = "$(TARGET_NAME)";
			};
			name = Release;
		};
		22DBAE191AEF9F9900B60154 /* Debug */ = {
			isa = XCBuildConfiguration;
			buildSettings = {
				BUNDLE_LOADER = "$(TEST_HOST)";
				FRAMEWORK_SEARCH_PATHS = (
					"$(SDKROOT)/Developer/Library/Frameworks",
					"$(inherited)",
				);
				GCC_PREPROCESSOR_DEFINITIONS = (
					"DEBUG=1",
					"$(inherited)",
				);
				INFOPLIST_FILE = TestGit11Tests/Info.plist;
				LD_RUNPATH_SEARCH_PATHS = "$(inherited) @executable_path/Frameworks @loader_path/Frameworks";
				PRODUCT_NAME = "$(TARGET_NAME)";
				TEST_HOST = "$(BUILT_PRODUCTS_DIR)/TestGit11.app/TestGit11";
			};
			name = Debug;
		};
		22DBAE1A1AEF9F9900B60154 /* Release */ = {
			isa = XCBuildConfiguration;
			buildSettings = {
				BUNDLE_LOADER = "$(TEST_HOST)";
				FRAMEWORK_SEARCH_PATHS = (
					"$(SDKROOT)/Developer/Library/Frameworks",
					"$(inherited)",
				);
				INFOPLIST_FILE = TestGit11Tests/Info.plist;
				LD_RUNPATH_SEARCH_PATHS = "$(inherited) @executable_path/Frameworks @loader_path/Frameworks";
				PRODUCT_NAME = "$(TARGET_NAME)";
				TEST_HOST = "$(BUILT_PRODUCTS_DIR)/TestGit11.app/TestGit11";
			};
			name = Release;
		};
/* End XCBuildConfiguration section */

/* Begin XCConfigurationList section */
		22DBADED1AEF9F9900B60154 /* Build configuration list for PBXProject "TestGit11" */ = {
			isa = XCConfigurationList;
			buildConfigurations = (
				22DBAE131AEF9F9900B60154 /* Debug */,
				22DBAE141AEF9F9900B60154 /* Release */,
			);
			defaultConfigurationIsVisible = 0;
			defaultConfigurationName = Release;
		};
		22DBAE151AEF9F9900B60154 /* Build configuration list for PBXNativeTarget "TestGit11" */ = {
			isa = XCConfigurationList;
			buildConfigurations = (
				22DBAE161AEF9F9900B60154 /* Debug */,
				22DBAE171AEF9F9900B60154 /* Release */,
			);
			defaultConfigurationIsVisible = 0;
		};
		22DBAE181AEF9F9900B60154 /* Build configuration list for PBXNativeTarget "TestGit11Tests" */ = {
			isa = XCConfigurationList;
			buildConfigurations = (
				22DBAE191AEF9F9900B60154 /* Debug */,
				22DBAE1A1AEF9F9900B60154 /* Release */,
			);
			defaultConfigurationIsVisible = 0;
		};
/* End XCConfigurationList section */
	};
	rootObject = 22DBADEA1AEF9F9900B60154 /* Project object */;
}
